
Microsoft Visual Studio Solution File, Format Version 12.00
# Visual Studio Version 17
VisualStudioVersion = 17.8.34330.188
MinimumVisualStudioVersion = 10.0.40219.1
Project("{9A19103F-16F7-4668-BE54-9A1E7A4F7556}") = "ElsWebApp", "ElsWebApp.csproj", "{EF71771D-2829-4813-A6E4-4FCF7EF75E57}"
EndProject
Global
	GlobalSection(SolutionConfigurationPlatforms) = preSolution
		Debug|Any CPU = Debug|Any CPU
		Release|Any CPU = Release|Any CPU
	EndGlobalSection
	GlobalSection(ProjectConfigurationPlatforms) = postSolution
		{EF71771D-2829-4813-A6E4-4FCF7EF75E57}.Debug|Any CPU.ActiveCfg = Debug|Any CPU
		{EF71771D-2829-4813-A6E4-4FCF7EF75E57}.Debug|Any CPU.Build.0 = Debug|Any CPU
		{EF71771D-2829-4813-A6E4-4FCF7EF75E57}.Release|Any CPU.ActiveCfg = Release|Any CPU
		{EF71771D-2829-4813-A6E4-4FCF7EF75E57}.Release|Any CPU.Build.0 = Release|Any CPU
	EndGlobalSection
	GlobalSection(SolutionProperties) = preSolution
		HideSolutionNode = FALSE
	EndGlobalSection
	GlobalSection(ExtensibilityGlobals) = postSolution
		SolutionGuid = {CF1A5719-A638-4E35-A9B1-37E89047A53C}
	EndGlobalSection
EndGlobal
